
Microsoft Visual Studio Solution File, Format Version 12.00
# Visual Studio Version 17
VisualStudioVersion = 17.9.34607.119
MinimumVisualStudioVersion = 10.0.40219.1
Project("{FAE04EC0-301F-11D3-BF4B-00C04F79EFBC}") = "WinFormsNotebookApp", "WinFormsNotebookApp\WinFormsNotebookApp.csproj", "{4296242E-49A3-4D06-976D-62FF33F4A1FF}"
EndProject
Global
	GlobalSection(SolutionConfigurationPlatforms) = preSolution
		Debug|Any CPU = Debug|Any CPU
		Release|Any CPU = Release|Any CPU
	EndGlobalSection
	GlobalSection(ProjectConfigurationPlatforms) = postSolution
		{4296242E-49A3-4D06-976D-62FF33F4A1FF}.Debug|Any CPU.ActiveCfg = Debug|Any CPU
		{4296242E-49A3-4D06-976D-62FF33F4A1FF}.Debug|Any CPU.Build.0 = Debug|Any CPU
		{4296242E-49A3-4D06-976D-62FF33F4A1FF}.Release|Any CPU.ActiveCfg = Release|Any CPU
		{4296242E-49A3-4D06-976D-62FF33F4A1FF}.Release|Any CPU.Build.0 = Release|Any CPU
	EndGlobalSection
	GlobalSection(SolutionProperties) = preSolution
		HideSolutionNode = FALSE
	EndGlobalSection
	GlobalSection(ExtensibilityGlobals) = postSolution
		SolutionGuid = {1FA24DA5-8DDD-47C1-B782-BDA42B6A8DF2}
	EndGlobalSection
EndGlobal
